
Microsoft Visual Studio Solution File, Format Version 12.00
# Visual Studio 15
VisualStudioVersion = 15.0.28307.1062
MinimumVisualStudioVersion = 10.0.40219.1
Project("{FAE04EC0-301F-11D3-BF4B-00C04F79EFBC}") = "Maze.Logic", "Maze.Logic\Maze.Logic.csproj", "{B8BAE1F4-1C72-441A-8B47-8CDE287C9C95}"
EndProject
Project("{FAE04EC0-301F-11D3-BF4B-00C04F79EFBC}") = "Maze.Common.Log", "Maze.Common.Log\Maze.Common.Log.csproj", "{B262E499-0749-4CBE-89E3-C5E5987A0FFE}"
EndProject
Project("{FAE04EC0-301F-11D3-BF4B-00C04F79EFBC}") = "Maze.FormApp", "Maze.FormApp\Maze.FormApp.csproj", "{FACAACF8-2063-468D-ACC3-0E4C0CD9DB25}"
EndProject
Project("{FAE04EC0-301F-11D3-BF4B-00C04F79EFBC}") = "Permutaion.ConsoleApp", "Permutaion.ConsoleApp\Permutaion.ConsoleApp.csproj", "{B066F06A-9831-454A-913F-5B96E612DA67}"
EndProject
Global
	GlobalSection(SolutionConfigurationPlatforms) = preSolution
		Debug|Any CPU = Debug|Any CPU
		Release|Any CPU = Release|Any CPU
	EndGlobalSection
	GlobalSection(ProjectConfigurationPlatforms) = postSolution
		{B8BAE1F4-1C72-441A-8B47-8CDE287C9C95}.Debug|Any CPU.ActiveCfg = Debug|Any CPU
		{B8BAE1F4-1C72-441A-8B47-8CDE287C9C95}.Debug|Any CPU.Build.0 = Debug|Any CPU
		{B8BAE1F4-1C72-441A-8B47-8CDE287C9C95}.Release|Any CPU.ActiveCfg = Release|Any CPU
		{B8BAE1F4-1C72-441A-8B47-8CDE287C9C95}.Release|Any CPU.Build.0 = Release|Any CPU
		{B262E499-0749-4CBE-89E3-C5E5987A0FFE}.Debug|Any CPU.ActiveCfg = Debug|Any CPU
		{B262E499-0749-4CBE-89E3-C5E5987A0FFE}.Debug|Any CPU.Build.0 = Debug|Any CPU
		{B262E499-0749-4CBE-89E3-C5E5987A0FFE}.Release|Any CPU.ActiveCfg = Release|Any CPU
		{B262E499-0749-4CBE-89E3-C5E5987A0FFE}.Release|Any CPU.Build.0 = Release|Any CPU
		{FACAACF8-2063-468D-ACC3-0E4C0CD9DB25}.Debug|Any CPU.ActiveCfg = Debug|Any CPU
		{FACAACF8-2063-468D-ACC3-0E4C0CD9DB25}.Debug|Any CPU.Build.0 = Debug|Any CPU
		{FACAACF8-2063-468D-ACC3-0E4C0CD9DB25}.Release|Any CPU.ActiveCfg = Release|Any CPU
		{FACAACF8-2063-468D-ACC3-0E4C0CD9DB25}.Release|Any CPU.Build.0 = Release|Any CPU
		{B066F06A-9831-454A-913F-5B96E612DA67}.Debug|Any CPU.ActiveCfg = Debug|Any CPU
		{B066F06A-9831-454A-913F-5B96E612DA67}.Debug|Any CPU.Build.0 = Debug|Any CPU
		{B066F06A-9831-454A-913F-5B96E612DA67}.Release|Any CPU.ActiveCfg = Release|Any CPU
		{B066F06A-9831-454A-913F-5B96E612DA67}.Release|Any CPU.Build.0 = Release|Any CPU
	EndGlobalSection
	GlobalSection(SolutionProperties) = preSolution
		HideSolutionNode = FALSE
	EndGlobalSection
	GlobalSection(ExtensibilityGlobals) = postSolution
		SolutionGuid = {91CD58B3-A6B6-4DC4-88A7-36F8D791B16C}
	EndGlobalSection
EndGlobal
